
Microsoft Visual Studio Solution File, Format Version 12.00
# Visual Studio Version 17
VisualStudioVersion = 17.10.35013.160
MinimumVisualStudioVersion = 10.0.40219.1
Project("{FAE04EC0-301F-11D3-BF4B-00C04F79EFBC}") = "ProcessMonitorService", "ProcessMonitorService\ProcessMonitorService.csproj", "{4AB0321E-37D8-4CBA-8F7A-6665D4E2ACA4}"
EndProject
Global
	GlobalSection(SolutionConfigurationPlatforms) = preSolution
		Debug|Any CPU = Debug|Any CPU
		Release|Any CPU = Release|Any CPU
	EndGlobalSection
	GlobalSection(ProjectConfigurationPlatforms) = postSolution
		{4AB0321E-37D8-4CBA-8F7A-6665D4E2ACA4}.Debug|Any CPU.ActiveCfg = Debug|Any CPU
		{4AB0321E-37D8-4CBA-8F7A-6665D4E2ACA4}.Debug|Any CPU.Build.0 = Debug|Any CPU
		{4AB0321E-37D8-4CBA-8F7A-6665D4E2ACA4}.Release|Any CPU.ActiveCfg = Release|Any CPU
		{4AB0321E-37D8-4CBA-8F7A-6665D4E2ACA4}.Release|Any CPU.Build.0 = Release|Any CPU
	EndGlobalSection
	GlobalSection(SolutionProperties) = preSolution
		HideSolutionNode = FALSE
	EndGlobalSection
	GlobalSection(ExtensibilityGlobals) = postSolution
		SolutionGuid = {F7FB2EF0-0AE4-451E-97CA-FC32D6C06E21}
	EndGlobalSection
EndGlobal
